
Microsoft Visual Studio Solution File, Format Version 12.00
# Visual Studio Version 17
VisualStudioVersion = 17.8.34316.72
MinimumVisualStudioVersion = 10.0.40219.1
Project("{FAE04EC0-301F-11D3-BF4B-00C04F79EFBC}") = "Laba5", "Laba5\Laba5.csproj", "{64CADD06-9962-4DE4-B730-990E4F099C69}"
EndProject
Global
	GlobalSection(SolutionConfigurationPlatforms) = preSolution
		Debug|Any CPU = Debug|Any CPU
		Release|Any CPU = Release|Any CPU
	EndGlobalSection
	GlobalSection(ProjectConfigurationPlatforms) = postSolution
		{64CADD06-9962-4DE4-B730-990E4F099C69}.Debug|Any CPU.ActiveCfg = Debug|Any CPU
		{64CADD06-9962-4DE4-B730-990E4F099C69}.Debug|Any CPU.Build.0 = Debug|Any CPU
		{64CADD06-9962-4DE4-B730-990E4F099C69}.Release|Any CPU.ActiveCfg = Release|Any CPU
		{64CADD06-9962-4DE4-B730-990E4F099C69}.Release|Any CPU.Build.0 = Release|Any CPU
	EndGlobalSection
	GlobalSection(SolutionProperties) = preSolution
		HideSolutionNode = FALSE
	EndGlobalSection
	GlobalSection(ExtensibilityGlobals) = postSolution
		SolutionGuid = {F61F019A-94D1-4B5A-84AD-BC84FAEF1237}
	EndGlobalSection
EndGlobal
