
Microsoft Visual Studio Solution File, Format Version 12.00
# Visual Studio Version 17
VisualStudioVersion = 17.8.34316.72
MinimumVisualStudioVersion = 10.0.40219.1
Project("{FAE04EC0-301F-11D3-BF4B-00C04F79EFBC}") = "Lab3", "Lab3\Lab3.csproj", "{53F54B8C-CA59-4F38-9D14-74FE3BD9CE8A}"
EndProject
Global
	GlobalSection(SolutionConfigurationPlatforms) = preSolution
		Debug|Any CPU = Debug|Any CPU
		Release|Any CPU = Release|Any CPU
	EndGlobalSection
	GlobalSection(ProjectConfigurationPlatforms) = postSolution
		{53F54B8C-CA59-4F38-9D14-74FE3BD9CE8A}.Debug|Any CPU.ActiveCfg = Debug|Any CPU
		{53F54B8C-CA59-4F38-9D14-74FE3BD9CE8A}.Debug|Any CPU.Build.0 = Debug|Any CPU
		{53F54B8C-CA59-4F38-9D14-74FE3BD9CE8A}.Release|Any CPU.ActiveCfg = Release|Any CPU
		{53F54B8C-CA59-4F38-9D14-74FE3BD9CE8A}.Release|Any CPU.Build.0 = Release|Any CPU
	EndGlobalSection
	GlobalSection(SolutionProperties) = preSolution
		HideSolutionNode = FALSE
	EndGlobalSection
	GlobalSection(ExtensibilityGlobals) = postSolution
		SolutionGuid = {4DE47B7E-6143-423F-AC0D-F3B5A49E0696}
	EndGlobalSection
EndGlobal
